// !$*UTF8*$!
{
	archiveVersion = 1;
	classes = {
	};
	objectVersion = 77;
	objects = {

/* Begin PBXBuildFile section */
		4E2674C22DEA403A0023DCD6 /* MarkdownUI in Frameworks */ = {isa = PBXBuildFile; productRef = 4E2674C12DEA403A0023DCD6 /* MarkdownUI */; };
/* End PBXBuildFile section */

/* Begin PBXContainerItemProxy section */
		4ED9B6242DE0D50F00496C42 /* PBXContainerItemProxy */ = {
			isa = PBXContainerItemProxy;
			containerPortal = 4ED9B60E2DE0D50D00496C42 /* Project object */;
			proxyType = 1;
			remoteGlobalIDString = 4ED9B6152DE0D50D00496C42;
			remoteInfo = twentyfour;
		};
		4ED9B62E2DE0D50F00496C42 /* PBXContainerItemProxy */ = {
			isa = PBXContainerItemProxy;
			containerPortal = 4ED9B60E2DE0D50D00496C42 /* Project object */;
			proxyType = 1;
			remoteGlobalIDString = 4ED9B6152DE0D50D00496C42;
			remoteInfo = twentyfour;
		};
/* End PBXContainerItemProxy section */

/* Begin PBXFileReference section */
		4EA3336D2DF394490029642C /* twentyfour.xcodeproj */ = {isa = PBXFileReference; lastKnownFileType = "wrapper.pb-project"; path = twentyfour.xcodeproj; sourceTree = "<group>"; };
		4EAAEEF32DF3370D00919E6E /* twentyfour.xcodeproj */ = {isa = PBXFileReference; lastKnownFileType = "wrapper.pb-project"; path = twentyfour.xcodeproj; sourceTree = "<group>"; };
		4EAAF0A12DF355AF00919E6E /* twentyfour.xcodeproj */ = {isa = PBXFileReference; lastKnownFileType = "wrapper.pb-project"; path = twentyfour.xcodeproj; sourceTree = "<group>"; };
		4ED9B6162DE0D50D00496C42 /* twentyfour.app */ = {isa = PBXFileReference; explicitFileType = wrapper.application; includeInIndex = 0; path = twentyfour.app; sourceTree = BUILT_PRODUCTS_DIR; };
		4ED9B6232DE0D50F00496C42 /* twentyfourTests.xctest */ = {isa = PBXFileReference; explicitFileType = wrapper.cfbundle; includeInIndex = 0; path = twentyfourTests.xctest; sourceTree = BUILT_PRODUCTS_DIR; };
		4ED9B62D2DE0D50F00496C42 /* twentyfourUITests.xctest */ = {isa = PBXFileReference; explicitFileType = wrapper.cfbundle; includeInIndex = 0; path = twentyfourUITests.xctest; sourceTree = BUILT_PRODUCTS_DIR; };
/* End PBXFileReference section */

/* Begin PBXFileSystemSynchronizedRootGroup section */
		4ED9B6182DE0D50D00496C42 /* twentyfour */ = {
			isa = PBXFileSystemSynchronizedRootGroup;
			path = twentyfour;
			sourceTree = "<group>";
		};
		4ED9B6262DE0D50F00496C42 /* twentyfourTests */ = {
			isa = PBXFileSystemSynchronizedRootGroup;
			path = twentyfourTests;
			sourceTree = "<group>";
		};
		4ED9B6302DE0D50F00496C42 /* twentyfourUITests */ = {
			isa = PBXFileSystemSynchronizedRootGroup;
			path = twentyfourUITests;
			sourceTree = "<group>";
		};
/* End PBXFileSystemSynchronizedRootGroup section */

/* Begin PBXFrameworksBuildPhase section */
		4ED9B6132DE0D50D00496C42 /* Frameworks */ = {
			isa = PBXFrameworksBuildPhase;
			buildActionMask = 2147483647;
			files = (
				4E2674C22DEA403A0023DCD6 /* MarkdownUI in Frameworks */,
			);
			runOnlyForDeploymentPostprocessing = 0;
		};
		4ED9B6202DE0D50F00496C42 /* Frameworks */ = {
			isa = PBXFrameworksBuildPhase;
			buildActionMask = 2147483647;
			files = (
			);
			runOnlyForDeploymentPostprocessing = 0;
		};
		4ED9B62A2DE0D50F00496C42 /* Frameworks */ = {
			isa = PBXFrameworksBuildPhase;
			buildActionMask = 2147483647;
			files = (
			);
			runOnlyForDeploymentPostprocessing = 0;
		};
/* End PBXFrameworksBuildPhase section */

/* Begin PBXGroup section */
		4EA3336F2DF394490029642C /* Products */ = {
			isa = PBXGroup;
			name = Products;
			sourceTree = "<group>";
		};
		4EAAEEF52DF3370D00919E6E /* Products */ = {
			isa = PBXGroup;
			name = Products;
			sourceTree = "<group>";
		};
		4EAAF0A32DF355AF00919E6E /* Products */ = {
			isa = PBXGroup;
			name = Products;
			sourceTree = "<group>";
		};
		4ED9B60D2DE0D50D00496C42 = {
			isa = PBXGroup;
			children = (
				4ED9B6182DE0D50D00496C42 /* twentyfour */,
				4ED9B6262DE0D50F00496C42 /* twentyfourTests */,
				4ED9B6302DE0D50F00496C42 /* twentyfourUITests */,
				4ED9B6172DE0D50D00496C42 /* Products */,
			);
			sourceTree = "<group>";
		};
		4ED9B6172DE0D50D00496C42 /* Products */ = {
			isa = PBXGroup;
			children = (
				4ED9B6162DE0D50D00496C42 /* twentyfour.app */,
				4ED9B6232DE0D50F00496C42 /* twentyfourTests.xctest */,
				4ED9B62D2DE0D50F00496C42 /* twentyfourUITests.xctest */,
			);
			name = Products;
			sourceTree = "<group>";
		};
/* End PBXGroup section */

/* Begin PBXNativeTarget section */
		4ED9B6152DE0D50D00496C42 /* twentyfour */ = {
			isa = PBXNativeTarget;
			buildConfigurationList = 4ED9B6372DE0D50F00496C42 /* Build configuration list for PBXNativeTarget "twentyfour" */;
			buildPhases = (
				4ED9B6122DE0D50D00496C42 /* Sources */,
				4ED9B6132DE0D50D00496C42 /* Frameworks */,
				4ED9B6142DE0D50D00496C42 /* Resources */,
			);
			buildRules = (
			);
			dependencies = (
			);
			fileSystemSynchronizedGroups = (
				4ED9B6182DE0D50D00496C42 /* twentyfour */,
			);
			name = twentyfour;
			packageProductDependencies = (
				4E2674C12DEA403A0023DCD6 /* MarkdownUI */,
			);
			productName = twentyfour;
			productReference = 4ED9B6162DE0D50D00496C42 /* twentyfour.app */;
			productType = "com.apple.product-type.application";
		};
		4ED9B6222DE0D50F00496C42 /* twentyfourTests */ = {
			isa = PBXNativeTarget;
			buildConfigurationList = 4ED9B63A2DE0D50F00496C42 /* Build configuration list for PBXNativeTarget "twentyfourTests" */;
			buildPhases = (
				4ED9B61F2DE0D50F00496C42 /* Sources */,
				4ED9B6202DE0D50F00496C42 /* Frameworks */,
				4ED9B6212DE0D50F00496C42 /* Resources */,
			);
			buildRules = (
			);
			dependencies = (
				4ED9B6252DE0D50F00496C42 /* PBXTargetDependency */,
			);
			fileSystemSynchronizedGroups = (
				4ED9B6262DE0D50F00496C42 /* twentyfourTests */,
			);
			name = twentyfourTests;
			packageProductDependencies = (
			);
			productName = twentyfourTests;
			productReference = 4ED9B6232DE0D50F00496C42 /* twentyfourTests.xctest */;
			productType = "com.apple.product-type.bundle.unit-test";
		};
		4ED9B62C2DE0D50F00496C42 /* twentyfourUITests */ = {
			isa = PBXNativeTarget;
			buildConfigurationList = 4ED9B63D2DE0D50F00496C42 /* Build configuration list for PBXNativeTarget "twentyfourUITests" */;
			buildPhases = (
				4ED9B6292DE0D50F00496C42 /* Sources */,
				4ED9B62A2DE0D50F00496C42 /* Frameworks */,
				4ED9B62B2DE0D50F00496C42 /* Resources */,
			);
			buildRules = (
			);
			dependencies = (
				4ED9B62F2DE0D50F00496C42 /* PBXTargetDependency */,
			);
			fileSystemSynchronizedGroups = (
				4ED9B6302DE0D50F00496C42 /* twentyfourUITests */,
			);
			name = twentyfourUITests;
			packageProductDependencies = (
			);
			productName = twentyfourUITests;
			productReference = 4ED9B62D2DE0D50F00496C42 /* twentyfourUITests.xctest */;
			productType = "com.apple.product-type.bundle.ui-testing";
		};
/* End PBXNativeTarget section */

/* Begin PBXProject section */
		4ED9B60E2DE0D50D00496C42 /* Project object */ = {
			isa = PBXProject;
			attributes = {
				BuildIndependentTargetsInParallel = 1;
				LastSwiftUpdateCheck = 1630;
				LastUpgradeCheck = 1630;
				TargetAttributes = {
					4ED9B6152DE0D50D00496C42 = {
						CreatedOnToolsVersion = 16.3;
					};
					4ED9B6222DE0D50F00496C42 = {
						CreatedOnToolsVersion = 16.3;
						TestTargetID = 4ED9B6152DE0D50D00496C42;
					};
					4ED9B62C2DE0D50F00496C42 = {
						CreatedOnToolsVersion = 16.3;
						TestTargetID = 4ED9B6152DE0D50D00496C42;
					};
				};
			};
			buildConfigurationList = 4ED9B6112DE0D50D00496C42 /* Build configuration list for PBXProject "twentyfour" */;
			developmentRegion = en;
			hasScannedForEncodings = 0;
			knownRegions = (
				en,
				Base,
			);
			mainGroup = 4ED9B60D2DE0D50D00496C42;
			minimizedProjectReferenceProxies = 1;
			packageReferences = (
				4E2674C02DEA403A0023DCD6 /* XCRemoteSwiftPackageReference "swift-markdown-ui" */,
			);
			preferredProjectObjectVersion = 77;
			productRefGroup = 4ED9B6172DE0D50D00496C42 /* Products */;
			projectDirPath = "";
			projectReferences = (
				{
					ProductGroup = 4EAAEEF52DF3370D00919E6E /* Products */;
					ProjectRef = 4EAAEEF32DF3370D00919E6E /* twentyfour.xcodeproj */;
				},
				{
					ProductGroup = 4EAAF0A32DF355AF00919E6E /* Products */;
					ProjectRef = 4EAAF0A12DF355AF00919E6E /* twentyfour.xcodeproj */;
				},
				{
					ProductGroup = 4EA3336F2DF394490029642C /* Products */;
					ProjectRef = 4EA3336D2DF394490029642C /* twentyfour.xcodeproj */;
				},
			);
			projectRoot = "";
			targets = (
				4ED9B6152DE0D50D00496C42 /* twentyfour */,
				4ED9B6222DE0D50F00496C42 /* twentyfourTests */,
				4ED9B62C2DE0D50F00496C42 /* twentyfourUITests */,
			);
		};
/* End PBXProject section */

/* Begin PBXResourcesBuildPhase section */
		4ED9B6142DE0D50D00496C42 /* Resources */ = {
			isa = PBXResourcesBuildPhase;
			buildActionMask = 2147483647;
			files = (
			);
			runOnlyForDeploymentPostprocessing = 0;
		};
		4ED9B6212DE0D50F00496C42 /* Resources */ = {
			isa = PBXResourcesBuildPhase;
			buildActionMask = 2147483647;
			files = (
			);
			runOnlyForDeploymentPostprocessing = 0;
		};
		4ED9B62B2DE0D50F00496C42 /* Resources */ = {
			isa = PBXResourcesBuildPhase;
			buildActionMask = 2147483647;
			files = (
			);
			runOnlyForDeploymentPostprocessing = 0;
		};
/* End PBXResourcesBuildPhase section */

/* Begin PBXSourcesBuildPhase section */
		4ED9B6122DE0D50D00496C42 /* Sources */ = {
			isa = PBXSourcesBuildPhase;
			buildActionMask = 2147483647;
			files = (
			);
			runOnlyForDeploymentPostprocessing = 0;
		};
		4ED9B61F2DE0D50F00496C42 /* Sources */ = {
			isa = PBXSourcesBuildPhase;
			buildActionMask = 2147483647;
			files = (
			);
			runOnlyForDeploymentPostprocessing = 0;
		};
		4ED9B6292DE0D50F00496C42 /* Sources */ = {
			isa = PBXSourcesBuildPhase;
			buildActionMask = 2147483647;
			files = (
			);
			runOnlyForDeploymentPostprocessing = 0;
		};
/* End PBXSourcesBuildPhase section */

/* Begin PBXTargetDependency section */
		4ED9B6252DE0D50F00496C42 /* PBXTargetDependency */ = {
			isa = PBXTargetDependency;
			target = 4ED9B6152DE0D50D00496C42 /* twentyfour */;
			targetProxy = 4ED9B6242DE0D50F00496C42 /* PBXContainerItemProxy */;
		};
		4ED9B62F2DE0D50F00496C42 /* PBXTargetDependency */ = {
			isa = PBXTargetDependency;
			target = 4ED9B6152DE0D50D00496C42 /* twentyfour */;
			targetProxy = 4ED9B62E2DE0D50F00496C42 /* PBXContainerItemProxy */;
		};
/* End PBXTargetDependency section */

/* Begin XCBuildConfiguration section */
		4ED9B6352DE0D50F00496C42 /* Debug */ = {
			isa = XCBuildConfiguration;
			buildSettings = {
				ALWAYS_SEARCH_USER_PATHS = NO;
				ASSETCATALOG_COMPILER_ALTERNATE_APPICON_NAMES = "AppIcon-hermes AppIcon-barbie AppIcon-seahawks AppIcon-barcelona AppIcon-interMilan AppIcon-psg AppIcon-lakers AppIcon-bocaJuniors";
				ASSETCATALOG_COMPILER_APPICON_NAME = AppIcon;
				ASSETCATALOG_COMPILER_GENERATE_SWIFT_ASSET_SYMBOL_EXTENSIONS = YES;
				ASSETCATALOG_COMPILER_INCLUDE_ALL_APPICON_ASSETS = YES;
				CLANG_ANALYZER_NONNULL = YES;
				CLANG_ANALYZER_NUMBER_OBJECT_CONVERSION = YES_AGGRESSIVE;
				CLANG_CXX_LANGUAGE_STANDARD = "gnu++20";
				CLANG_ENABLE_MODULES = YES;
				CLANG_ENABLE_OBJC_ARC = YES;
				CLANG_ENABLE_OBJC_WEAK = YES;
				CLANG_WARN_BLOCK_CAPTURE_AUTORELEASING = YES;
				CLANG_WARN_BOOL_CONVERSION = YES;
				CLANG_WARN_COMMA = YES;
				CLANG_WARN_CONSTANT_CONVERSION = YES;
				CLANG_WARN_DEPRECATED_OBJC_IMPLEMENTATIONS = YES;
				CLANG_WARN_DIRECT_OBJC_ISA_USAGE = YES_ERROR;
				CLANG_WARN_DOCUMENTATION_COMMENTS = YES;
				CLANG_WARN_EMPTY_BODY = YES;
				CLANG_WARN_ENUM_CONVERSION = YES;
				CLANG_WARN_INFINITE_RECURSION = YES;
				CLANG_WARN_INT_CONVERSION = YES;
				CLANG_WARN_NON_LITERAL_NULL_CONVERSION = YES;
				CLANG_WARN_OBJC_IMPLICIT_RETAIN_SELF = YES;
				CLANG_WARN_OBJC_LITERAL_CONVERSION = YES;
				CLANG_WARN_OBJC_ROOT_CLASS = YES_ERROR;
				CLANG_WARN_QUOTED_INCLUDE_IN_FRAMEWORK_HEADER = YES;
				CLANG_WARN_RANGE_LOOP_ANALYSIS = YES;
				CLANG_WARN_STRICT_PROTOTYPES = YES;
				CLANG_WARN_SUSPICIOUS_MOVE = YES;
				CLANG_WARN_UNGUARDED_AVAILABILITY = YES_AGGRESSIVE;
				CLANG_WARN_UNREACHABLE_CODE = YES;
				CLANG_WARN__DUPLICATE_METHOD_MATCH = YES;
				COPY_PHASE_STRIP = NO;
				DEBUG_INFORMATION_FORMAT = dwarf;
				DEVELOPMENT_TEAM = 5824G2N4V6;
				ENABLE_STRICT_OBJC_MSGSEND = YES;
				ENABLE_TESTABILITY = YES;
				ENABLE_USER_SCRIPT_SANDBOXING = YES;
				GCC_C_LANGUAGE_STANDARD = gnu17;
				GCC_DYNAMIC_NO_PIC = NO;
				GCC_NO_COMMON_BLOCKS = YES;
				GCC_OPTIMIZATION_LEVEL = 0;
				GCC_PREPROCESSOR_DEFINITIONS = (
					"DEBUG=1",
					"$(inherited)",
				);
				GCC_WARN_64_TO_32_BIT_CONVERSION = YES;
				GCC_WARN_ABOUT_RETURN_TYPE = YES_ERROR;
				GCC_WARN_UNDECLARED_SELECTOR = YES;
				GCC_WARN_UNINITIALIZED_AUTOS = YES_AGGRESSIVE;
				GCC_WARN_UNUSED_FUNCTION = YES;
				GCC_WARN_UNUSED_VARIABLE = YES;
				IPHONEOS_DEPLOYMENT_TARGET = 18.4;
				LOCALIZATION_PREFERS_STRING_CATALOGS = YES;
				MTL_ENABLE_DEBUG_INFO = INCLUDE_SOURCE;
				MTL_FAST_MATH = YES;
				ONLY_ACTIVE_ARCH = YES;
				SDKROOT = iphoneos;
				SWIFT_ACTIVE_COMPILATION_CONDITIONS = "DEBUG $(inherited)";
				SWIFT_OPTIMIZATION_LEVEL = "-Onone";
			};
			name = Debug;
		};
		4ED9B6362DE0D50F00496C42 /* Release */ = {
			isa = XCBuildConfiguration;
			buildSettings = {
				ALWAYS_SEARCH_USER_PATHS = NO;
				ASSETCATALOG_COMPILER_ALTERNATE_APPICON_NAMES = "AppIcon-hermes AppIcon-barbie AppIcon-seahawks AppIcon-barcelona AppIcon-interMilan AppIcon-psg AppIcon-lakers AppIcon-bocaJuniors";
				ASSETCATALOG_COMPILER_APPICON_NAME = AppIcon;
				ASSETCATALOG_COMPILER_GENERATE_SWIFT_ASSET_SYMBOL_EXTENSIONS = YES;
				ASSETCATALOG_COMPILER_INCLUDE_ALL_APPICON_ASSETS = YES;
				CLANG_ANALYZER_NONNULL = YES;
				CLANG_ANALYZER_NUMBER_OBJECT_CONVERSION = YES_AGGRESSIVE;
				CLANG_CXX_LANGUAGE_STANDARD = "gnu++20";
				CLANG_ENABLE_MODULES = YES;
				CLANG_ENABLE_OBJC_ARC = YES;
				CLANG_ENABLE_OBJC_WEAK = YES;
				CLANG_WARN_BLOCK_CAPTURE_AUTORELEASING = YES;
				CLANG_WARN_BOOL_CONVERSION = YES;
				CLANG_WARN_COMMA = YES;
				CLANG_WARN_CONSTANT_CONVERSION = YES;
				CLANG_WARN_DEPRECATED_OBJC_IMPLEMENTATIONS = YES;
				CLANG_WARN_DIRECT_OBJC_ISA_USAGE = YES_ERROR;
				CLANG_WARN_DOCUMENTATION_COMMENTS = YES;
				CLANG_WARN_EMPTY_BODY = YES;
				CLANG_WARN_ENUM_CONVERSION = YES;
				CLANG_WARN_INFINITE_RECURSION = YES;
				CLANG_WARN_INT_CONVERSION = YES;
				CLANG_WARN_NON_LITERAL_NULL_CONVERSION = YES;
				CLANG_WARN_OBJC_IMPLICIT_RETAIN_SELF = YES;
				CLANG_WARN_OBJC_LITERAL_CONVERSION = YES;
				CLANG_WARN_OBJC_ROOT_CLASS = YES_ERROR;
				CLANG_WARN_QUOTED_INCLUDE_IN_FRAMEWORK_HEADER = YES;
				CLANG_WARN_RANGE_LOOP_ANALYSIS = YES;
				CLANG_WARN_STRICT_PROTOTYPES = YES;
				CLANG_WARN_SUSPICIOUS_MOVE = YES;
				CLANG_WARN_UNGUARDED_AVAILABILITY = YES_AGGRESSIVE;
				CLANG_WARN_UNREACHABLE_CODE = YES;
				CLANG_WARN__DUPLICATE_METHOD_MATCH = YES;
				COPY_PHASE_STRIP = NO;
				DEBUG_INFORMATION_FORMAT = "dwarf-with-dsym";
				DEVELOPMENT_TEAM = 5824G2N4V6;
				ENABLE_NS_ASSERTIONS = NO;
				ENABLE_STRICT_OBJC_MSGSEND = YES;
				ENABLE_USER_SCRIPT_SANDBOXING = YES;
				GCC_C_LANGUAGE_STANDARD = gnu17;
				GCC_NO_COMMON_BLOCKS = YES;
				GCC_WARN_64_TO_32_BIT_CONVERSION = YES;
				GCC_WARN_ABOUT_RETURN_TYPE = YES_ERROR;
				GCC_WARN_UNDECLARED_SELECTOR = YES;
				GCC_WARN_UNINITIALIZED_AUTOS = YES_AGGRESSIVE;
				GCC_WARN_UNUSED_FUNCTION = YES;
				GCC_WARN_UNUSED_VARIABLE = YES;
				IPHONEOS_DEPLOYMENT_TARGET = 18.4;
				LOCALIZATION_PREFERS_STRING_CATALOGS = YES;
				MTL_ENABLE_DEBUG_INFO = NO;
				MTL_FAST_MATH = YES;
				SDKROOT = iphoneos;
				SWIFT_COMPILATION_MODE = wholemodule;
				VALIDATE_PRODUCT = YES;
			};
			name = Release;
		};
		4ED9B6382DE0D50F00496C42 /* Debug */ = {
			isa = XCBuildConfiguration;
			buildSettings = {
				ASSETCATALOG_COMPILER_ALTERNATE_APPICON_NAMES = "AppIcon-hermes AppIcon-barbie AppIcon-seahawks AppIcon-barcelona AppIcon-interMilan AppIcon-psg AppIcon-lakers AppIcon-bocaJuniors";
				ASSETCATALOG_COMPILER_APPICON_NAME = AppIcon;
				ASSETCATALOG_COMPILER_GLOBAL_ACCENT_COLOR_NAME = AccentColor;
				ASSETCATALOG_COMPILER_INCLUDE_ALL_APPICON_ASSETS = YES;
				CODE_SIGN_STYLE = Automatic;
				CURRENT_PROJECT_VERSION = 1;
				DEVELOPMENT_TEAM = 5824G2N4V6;
				ENABLE_PREVIEWS = YES;
				GENERATE_INFOPLIST_FILE = YES;
				INFOPLIST_KEY_CFBundleAllowMixedLocalizations = YES;
				INFOPLIST_KEY_CFBundleDisplayName = twentyfour;
				INFOPLIST_KEY_LSApplicationCategoryType = "public.app-category.games";
				INFOPLIST_KEY_LSSupportsAlternateIcons = YES;
				INFOPLIST_KEY_UIApplicationSceneManifest_Generation = YES;
				INFOPLIST_KEY_UIApplicationSupportsIndirectInputEvents = YES;
				INFOPLIST_KEY_UILaunchScreen_Generation = NO;
				INFOPLIST_KEY_UILaunchStoryboardName = LaunchScreen;
				INFOPLIST_KEY_UISupportedInterfaceOrientations = UIInterfaceOrientationPortrait;
				INFOPLIST_KEY_UISupportedInterfaceOrientations_iPad = "UIInterfaceOrientationPortrait UIInterfaceOrientationPortraitUpsideDown";
				LD_RUNPATH_SEARCH_PATHS = (
					"$(inherited)",
					"@executable_path/Frameworks",
				);
				MARKETING_VERSION = 1.0;
				PRODUCT_BUNDLE_IDENTIFIER = com.ziyingzheng.twentyfour;
				PRODUCT_NAME = twentyfour;
				SWIFT_EMIT_LOC_STRINGS = YES;
				SWIFT_VERSION = 5.0;
				TARGETED_DEVICE_FAMILY = "1,2";
			};
			name = Debug;
		};
		4ED9B6392DE0D50F00496C42 /* Release */ = {
			isa = XCBuildConfiguration;
			buildSettings = {
				ASSETCATALOG_COMPILER_ALTERNATE_APPICON_NAMES = "AppIcon-hermes AppIcon-barbie AppIcon-seahawks AppIcon-barcelona AppIcon-interMilan AppIcon-psg AppIcon-lakers AppIcon-bocaJuniors";
				ASSETCATALOG_COMPILER_APPICON_NAME = AppIcon;
				ASSETCATALOG_COMPILER_GLOBAL_ACCENT_COLOR_NAME = AccentColor;
				ASSETCATALOG_COMPILER_INCLUDE_ALL_APPICON_ASSETS = YES;
				CODE_SIGN_STYLE = Automatic;
				CURRENT_PROJECT_VERSION = 1;
				DEVELOPMENT_TEAM = 5824G2N4V6;
				ENABLE_PREVIEWS = YES;
				GENERATE_INFOPLIST_FILE = YES;
				INFOPLIST_KEY_CFBundleAllowMixedLocalizations = YES;
				INFOPLIST_KEY_CFBundleDisplayName = twentyfour;
				INFOPLIST_KEY_LSApplicationCategoryType = "public.app-category.games";
				INFOPLIST_KEY_LSSupportsAlternateIcons = YES;
				INFOPLIST_KEY_UIApplicationSceneManifest_Generation = YES;
				INFOPLIST_KEY_UIApplicationSupportsIndirectInputEvents = YES;
				INFOPLIST_KEY_UILaunchScreen_Generation = NO;
				INFOPLIST_KEY_UILaunchStoryboardName = LaunchScreen;
				INFOPLIST_KEY_UISupportedInterfaceOrientations = UIInterfaceOrientationPortrait;
				INFOPLIST_KEY_UISupportedInterfaceOrientations_iPad = "UIInterfaceOrientationPortrait UIInterfaceOrientationPortraitUpsideDown";
				LD_RUNPATH_SEARCH_PATHS = (
					"$(inherited)",
					"@executable_path/Frameworks",
				);
				MARKETING_VERSION = 1.0;
				PRODUCT_BUNDLE_IDENTIFIER = com.ziyingzheng.twentyfour;
				PRODUCT_NAME = twentyfour;
				SWIFT_EMIT_LOC_STRINGS = YES;
				SWIFT_VERSION = 5.0;
				TARGETED_DEVICE_FAMILY = "1,2";
			};
			name = Release;
		};
		4ED9B63B2DE0D50F00496C42 /* Debug */ = {
			isa = XCBuildConfiguration;
			buildSettings = {
				BUNDLE_LOADER = "$(TEST_HOST)";
				CODE_SIGN_STYLE = Automatic;
				CURRENT_PROJECT_VERSION = 1;
				DEVELOPMENT_TEAM = 5824G2N4V6;
				GENERATE_INFOPLIST_FILE = YES;
				IPHONEOS_DEPLOYMENT_TARGET = 18.4;
				MARKETING_VERSION = 1.0;
				PRODUCT_BUNDLE_IDENTIFIER = com.ziyingzheng.twentyfourTests;
				PRODUCT_NAME = "$(TARGET_NAME)";
				SWIFT_EMIT_LOC_STRINGS = NO;
				SWIFT_VERSION = 5.0;
				TARGETED_DEVICE_FAMILY = "1,2";
				TEST_HOST = "$(BUILT_PRODUCTS_DIR)/twentyfour.app/$(BUNDLE_EXECUTABLE_FOLDER_PATH)/twentyfour";
			};
			name = Debug;
		};
		4ED9B63C2DE0D50F00496C42 /* Release */ = {
			isa = XCBuildConfiguration;
			buildSettings = {
				BUNDLE_LOADER = "$(TEST_HOST)";
				CODE_SIGN_STYLE = Automatic;
				CURRENT_PROJECT_VERSION = 1;
				DEVELOPMENT_TEAM = 5824G2N4V6;
				GENERATE_INFOPLIST_FILE = YES;
				IPHONEOS_DEPLOYMENT_TARGET = 18.4;
				MARKETING_VERSION = 1.0;
				PRODUCT_BUNDLE_IDENTIFIER = com.ziyingzheng.twentyfourTests;
				PRODUCT_NAME = "$(TARGET_NAME)";
				SWIFT_EMIT_LOC_STRINGS = NO;
				SWIFT_VERSION = 5.0;
				TARGETED_DEVICE_FAMILY = "1,2";
				TEST_HOST = "$(BUILT_PRODUCTS_DIR)/twentyfour.app/$(BUNDLE_EXECUTABLE_FOLDER_PATH)/twentyfour";
			};
			name = Release;
		};
		4ED9B63E2DE0D50F00496C42 /* Debug */ = {
			isa = XCBuildConfiguration;
			buildSettings = {
				CODE_SIGN_STYLE = Automatic;
				CURRENT_PROJECT_VERSION = 1;
				DEVELOPMENT_TEAM = 5824G2N4V6;
				GENERATE_INFOPLIST_FILE = YES;
				MARKETING_VERSION = 1.0;
				PRODUCT_BUNDLE_IDENTIFIER = com.ziyingzheng.twentyfourUITests;
				PRODUCT_NAME = "$(TARGET_NAME)";
				SWIFT_EMIT_LOC_STRINGS = NO;
				SWIFT_VERSION = 5.0;
				TARGETED_DEVICE_FAMILY = "1,2";
				TEST_TARGET_NAME = twentyfour;
			};
			name = Debug;
		};
		4ED9B63F2DE0D50F00496C42 /* Release */ = {
			isa = XCBuildConfiguration;
			buildSettings = {
				CODE_SIGN_STYLE = Automatic;
				CURRENT_PROJECT_VERSION = 1;
				DEVELOPMENT_TEAM = 5824G2N4V6;
				GENERATE_INFOPLIST_FILE = YES;
				MARKETING_VERSION = 1.0;
				PRODUCT_BUNDLE_IDENTIFIER = com.ziyingzheng.twentyfourUITests;
				PRODUCT_NAME = "$(TARGET_NAME)";
				SWIFT_EMIT_LOC_STRINGS = NO;
				SWIFT_VERSION = 5.0;
				TARGETED_DEVICE_FAMILY = "1,2";
				TEST_TARGET_NAME = twentyfour;
			};
			name = Release;
		};
/* End XCBuildConfiguration section */

/* Begin XCConfigurationList section */
		4ED9B6112DE0D50D00496C42 /* Build configuration list for PBXProject "twentyfour" */ = {
			isa = XCConfigurationList;
			buildConfigurations = (
				4ED9B6352DE0D50F00496C42 /* Debug */,
				4ED9B6362DE0D50F00496C42 /* Release */,
			);
			defaultConfigurationIsVisible = 0;
			defaultConfigurationName = Release;
		};
		4ED9B6372DE0D50F00496C42 /* Build configuration list for PBXNativeTarget "twentyfour" */ = {
			isa = XCConfigurationList;
			buildConfigurations = (
				4ED9B6382DE0D50F00496C42 /* Debug */,
				4ED9B6392DE0D50F00496C42 /* Release */,
			);
			defaultConfigurationIsVisible = 0;
			defaultConfigurationName = Release;
		};
		4ED9B63A2DE0D50F00496C42 /* Build configuration list for PBXNativeTarget "twentyfourTests" */ = {
			isa = XCConfigurationList;
			buildConfigurations = (
				4ED9B63B2DE0D50F00496C42 /* Debug */,
				4ED9B63C2DE0D50F00496C42 /* Release */,
			);
			defaultConfigurationIsVisible = 0;
			defaultConfigurationName = Release;
		};
		4ED9B63D2DE0D50F00496C42 /* Build configuration list for PBXNativeTarget "twentyfourUITests" */ = {
			isa = XCConfigurationList;
			buildConfigurations = (
				4ED9B63E2DE0D50F00496C42 /* Debug */,
				4ED9B63F2DE0D50F00496C42 /* Release */,
			);
			defaultConfigurationIsVisible = 0;
			defaultConfigurationName = Release;
		};
/* End XCConfigurationList section */

/* Begin XCRemoteSwiftPackageReference section */
		4E2674C02DEA403A0023DCD6 /* XCRemoteSwiftPackageReference "swift-markdown-ui" */ = {
			isa = XCRemoteSwiftPackageReference;
			repositoryURL = "https://github.com/gonzalezreal/swift-markdown-ui";
			requirement = {
				kind = upToNextMajorVersion;
				minimumVersion = 2.4.1;
			};
		};
/* End XCRemoteSwiftPackageReference section */

/* Begin XCSwiftPackageProductDependency section */
		4E2674C12DEA403A0023DCD6 /* MarkdownUI */ = {
			isa = XCSwiftPackageProductDependency;
			package = 4E2674C02DEA403A0023DCD6 /* XCRemoteSwiftPackageReference "swift-markdown-ui" */;
			productName = MarkdownUI;
		};
/* End XCSwiftPackageProductDependency section */
	};
	rootObject = 4ED9B60E2DE0D50D00496C42 /* Project object */;
}
